
Microsoft Visual Studio Solution File, Format Version 11.00
# Visual Studio 2010
Project("{FAE04EC0-301F-11D3-BF4B-00C04F79EFBC}") = "fanfouApps", "fanfouApps\fanfouApps.csproj", "{96660C34-61D9-435C-A27C-31F6758EAAF9}"
EndProject
Project("{FAE04EC0-301F-11D3-BF4B-00C04F79EFBC}") = "fanfouModel", "fanfouModel\fanfouModel.csproj", "{897B9F7A-3F99-4830-9BEF-506BF6F8D71C}"
EndProject
Project("{FAE04EC0-301F-11D3-BF4B-00C04F79EFBC}") = "FanfouBiz", "FanfouApiHandler\FanfouBiz.csproj", "{2D3B0C46-9832-48F9-9CAA-0BF9714EEB5B}"
EndProject
Project("{FAE04EC0-301F-11D3-BF4B-00C04F79EFBC}") = "FanfouOAuthBasic", "FanfouOAuthBasic\FanfouOAuthBasic.csproj", "{C7361CC4-0DB7-4169-8D3C-0B348ABA9D08}"
EndProject
Project("{FAE04EC0-301F-11D3-BF4B-00C04F79EFBC}") = "Common", "Common\Common.csproj", "{1E34EE9A-3F6F-46BC-B74B-98936DDE6186}"
EndProject
Project("{FAE04EC0-301F-11D3-BF4B-00C04F79EFBC}") = "IOController", "IOController\IOController.csproj", "{0ABC6E12-0BCC-45AB-A493-17183A19DEB3}"
EndProject
Project("{FAE04EC0-301F-11D3-BF4B-00C04F79EFBC}") = "fanTrick", "fanTrick\fanTrick.csproj", "{8D86718D-1124-43CA-A916-E0046F4861D0}"
EndProject
Project("{FAE04EC0-301F-11D3-BF4B-00C04F79EFBC}") = "FanfouDisney", "FanfouDisney\FanfouDisney.csproj", "{7EF579B2-1D68-464F-A713-B17C7A2E8F4D}"
EndProject
Global
	GlobalSection(SolutionConfigurationPlatforms) = preSolution
		Debug|Any CPU = Debug|Any CPU
		Debug|Mixed Platforms = Debug|Mixed Platforms
		Debug|x86 = Debug|x86
		Release|Any CPU = Release|Any CPU
		Release|Mixed Platforms = Release|Mixed Platforms
		Release|x86 = Release|x86
	EndGlobalSection
	GlobalSection(ProjectConfigurationPlatforms) = postSolution
		{96660C34-61D9-435C-A27C-31F6758EAAF9}.Debug|Any CPU.ActiveCfg = Debug|Any CPU
		{96660C34-61D9-435C-A27C-31F6758EAAF9}.Debug|Any CPU.Build.0 = Debug|Any CPU
		{96660C34-61D9-435C-A27C-31F6758EAAF9}.Debug|Mixed Platforms.ActiveCfg = Debug|Any CPU
		{96660C34-61D9-435C-A27C-31F6758EAAF9}.Debug|x86.ActiveCfg = Debug|Any CPU
		{96660C34-61D9-435C-A27C-31F6758EAAF9}.Release|Any CPU.ActiveCfg = Release|Any CPU
		{96660C34-61D9-435C-A27C-31F6758EAAF9}.Release|Any CPU.Build.0 = Release|Any CPU
		{96660C34-61D9-435C-A27C-31F6758EAAF9}.Release|Mixed Platforms.ActiveCfg = Release|Any CPU
		{96660C34-61D9-435C-A27C-31F6758EAAF9}.Release|x86.ActiveCfg = Release|Any CPU
		{897B9F7A-3F99-4830-9BEF-506BF6F8D71C}.Debug|Any CPU.ActiveCfg = Debug|Any CPU
		{897B9F7A-3F99-4830-9BEF-506BF6F8D71C}.Debug|Any CPU.Build.0 = Debug|Any CPU
		{897B9F7A-3F99-4830-9BEF-506BF6F8D71C}.Debug|Mixed Platforms.ActiveCfg = Debug|Any CPU
		{897B9F7A-3F99-4830-9BEF-506BF6F8D71C}.Debug|Mixed Platforms.Build.0 = Debug|Any CPU
		{897B9F7A-3F99-4830-9BEF-506BF6F8D71C}.Debug|x86.ActiveCfg = Debug|Any CPU
		{897B9F7A-3F99-4830-9BEF-506BF6F8D71C}.Release|Any CPU.ActiveCfg = Release|Any CPU
		{897B9F7A-3F99-4830-9BEF-506BF6F8D71C}.Release|Any CPU.Build.0 = Release|Any CPU
		{897B9F7A-3F99-4830-9BEF-506BF6F8D71C}.Release|Mixed Platforms.ActiveCfg = Release|Any CPU
		{897B9F7A-3F99-4830-9BEF-506BF6F8D71C}.Release|Mixed Platforms.Build.0 = Release|Any CPU
		{897B9F7A-3F99-4830-9BEF-506BF6F8D71C}.Release|x86.ActiveCfg = Release|Any CPU
		{2D3B0C46-9832-48F9-9CAA-0BF9714EEB5B}.Debug|Any CPU.ActiveCfg = Debug|Any CPU
		{2D3B0C46-9832-48F9-9CAA-0BF9714EEB5B}.Debug|Any CPU.Build.0 = Debug|Any CPU
		{2D3B0C46-9832-48F9-9CAA-0BF9714EEB5B}.Debug|Mixed Platforms.ActiveCfg = Debug|Any CPU
		{2D3B0C46-9832-48F9-9CAA-0BF9714EEB5B}.Debug|Mixed Platforms.Build.0 = Debug|Any CPU
		{2D3B0C46-9832-48F9-9CAA-0BF9714EEB5B}.Debug|x86.ActiveCfg = Debug|Any CPU
		{2D3B0C46-9832-48F9-9CAA-0BF9714EEB5B}.Release|Any CPU.ActiveCfg = Release|Any CPU
		{2D3B0C46-9832-48F9-9CAA-0BF9714EEB5B}.Release|Any CPU.Build.0 = Release|Any CPU
		{2D3B0C46-9832-48F9-9CAA-0BF9714EEB5B}.Release|Mixed Platforms.ActiveCfg = Release|Any CPU
		{2D3B0C46-9832-48F9-9CAA-0BF9714EEB5B}.Release|Mixed Platforms.Build.0 = Release|Any CPU
		{2D3B0C46-9832-48F9-9CAA-0BF9714EEB5B}.Release|x86.ActiveCfg = Release|Any CPU
		{C7361CC4-0DB7-4169-8D3C-0B348ABA9D08}.Debug|Any CPU.ActiveCfg = Debug|Any CPU
		{C7361CC4-0DB7-4169-8D3C-0B348ABA9D08}.Debug|Any CPU.Build.0 = Debug|Any CPU
		{C7361CC4-0DB7-4169-8D3C-0B348ABA9D08}.Debug|Mixed Platforms.ActiveCfg = Debug|Any CPU
		{C7361CC4-0DB7-4169-8D3C-0B348ABA9D08}.Debug|Mixed Platforms.Build.0 = Debug|Any CPU
		{C7361CC4-0DB7-4169-8D3C-0B348ABA9D08}.Debug|x86.ActiveCfg = Debug|Any CPU
		{C7361CC4-0DB7-4169-8D3C-0B348ABA9D08}.Release|Any CPU.ActiveCfg = Release|Any CPU
		{C7361CC4-0DB7-4169-8D3C-0B348ABA9D08}.Release|Any CPU.Build.0 = Release|Any CPU
		{C7361CC4-0DB7-4169-8D3C-0B348ABA9D08}.Release|Mixed Platforms.ActiveCfg = Release|Any CPU
		{C7361CC4-0DB7-4169-8D3C-0B348ABA9D08}.Release|Mixed Platforms.Build.0 = Release|Any CPU
		{C7361CC4-0DB7-4169-8D3C-0B348ABA9D08}.Release|x86.ActiveCfg = Release|Any CPU
		{1E34EE9A-3F6F-46BC-B74B-98936DDE6186}.Debug|Any CPU.ActiveCfg = Debug|Any CPU
		{1E34EE9A-3F6F-46BC-B74B-98936DDE6186}.Debug|Any CPU.Build.0 = Debug|Any CPU
		{1E34EE9A-3F6F-46BC-B74B-98936DDE6186}.Debug|Mixed Platforms.ActiveCfg = Debug|Any CPU
		{1E34EE9A-3F6F-46BC-B74B-98936DDE6186}.Debug|Mixed Platforms.Build.0 = Debug|Any CPU
		{1E34EE9A-3F6F-46BC-B74B-98936DDE6186}.Debug|x86.ActiveCfg = Debug|Any CPU
		{1E34EE9A-3F6F-46BC-B74B-98936DDE6186}.Release|Any CPU.ActiveCfg = Release|Any CPU
		{1E34EE9A-3F6F-46BC-B74B-98936DDE6186}.Release|Any CPU.Build.0 = Release|Any CPU
		{1E34EE9A-3F6F-46BC-B74B-98936DDE6186}.Release|Mixed Platforms.ActiveCfg = Release|Any CPU
		{1E34EE9A-3F6F-46BC-B74B-98936DDE6186}.Release|Mixed Platforms.Build.0 = Release|Any CPU
		{1E34EE9A-3F6F-46BC-B74B-98936DDE6186}.Release|x86.ActiveCfg = Release|Any CPU
		{EAE9BCEC-B0AD-43BF-AF11-4A541D67AD95}.Debug|Any CPU.ActiveCfg = Debug|x86
		{EAE9BCEC-B0AD-43BF-AF11-4A541D67AD95}.Debug|Mixed Platforms.ActiveCfg = Debug|x86
		{EAE9BCEC-B0AD-43BF-AF11-4A541D67AD95}.Debug|Mixed Platforms.Build.0 = Debug|x86
		{EAE9BCEC-B0AD-43BF-AF11-4A541D67AD95}.Debug|x86.ActiveCfg = Debug|x86
		{EAE9BCEC-B0AD-43BF-AF11-4A541D67AD95}.Debug|x86.Build.0 = Debug|x86
		{EAE9BCEC-B0AD-43BF-AF11-4A541D67AD95}.Release|Any CPU.ActiveCfg = Release|x86
		{EAE9BCEC-B0AD-43BF-AF11-4A541D67AD95}.Release|Mixed Platforms.ActiveCfg = Release|x86
		{EAE9BCEC-B0AD-43BF-AF11-4A541D67AD95}.Release|Mixed Platforms.Build.0 = Release|x86
		{EAE9BCEC-B0AD-43BF-AF11-4A541D67AD95}.Release|x86.ActiveCfg = Release|x86
		{EAE9BCEC-B0AD-43BF-AF11-4A541D67AD95}.Release|x86.Build.0 = Release|x86
		{7C2D5CFE-83AF-4899-84A8-EECDC3CAA074}.Debug|Any CPU.ActiveCfg = Debug|x86
		{7C2D5CFE-83AF-4899-84A8-EECDC3CAA074}.Debug|Mixed Platforms.ActiveCfg = Debug|x86
		{7C2D5CFE-83AF-4899-84A8-EECDC3CAA074}.Debug|x86.ActiveCfg = Debug|x86
		{7C2D5CFE-83AF-4899-84A8-EECDC3CAA074}.Debug|x86.Build.0 = Debug|x86
		{7C2D5CFE-83AF-4899-84A8-EECDC3CAA074}.Release|Any CPU.ActiveCfg = Release|x86
		{7C2D5CFE-83AF-4899-84A8-EECDC3CAA074}.Release|Mixed Platforms.ActiveCfg = Release|x86
		{7C2D5CFE-83AF-4899-84A8-EECDC3CAA074}.Release|x86.ActiveCfg = Release|x86
		{7C2D5CFE-83AF-4899-84A8-EECDC3CAA074}.Release|x86.Build.0 = Release|x86
		{803957BB-A79E-4513-9198-D9AA8436A060}.Debug|Any CPU.ActiveCfg = Debug|x86
		{803957BB-A79E-4513-9198-D9AA8436A060}.Debug|Mixed Platforms.ActiveCfg = Debug|x86
		{803957BB-A79E-4513-9198-D9AA8436A060}.Debug|x86.ActiveCfg = Debug|x86
		{803957BB-A79E-4513-9198-D9AA8436A060}.Debug|x86.Build.0 = Debug|x86
		{803957BB-A79E-4513-9198-D9AA8436A060}.Release|Any CPU.ActiveCfg = Release|x86
		{803957BB-A79E-4513-9198-D9AA8436A060}.Release|Mixed Platforms.ActiveCfg = Release|x86
		{803957BB-A79E-4513-9198-D9AA8436A060}.Release|x86.ActiveCfg = Release|x86
		{803957BB-A79E-4513-9198-D9AA8436A060}.Release|x86.Build.0 = Release|x86
		{0ABC6E12-0BCC-45AB-A493-17183A19DEB3}.Debug|Any CPU.ActiveCfg = Debug|Any CPU
		{0ABC6E12-0BCC-45AB-A493-17183A19DEB3}.Debug|Any CPU.Build.0 = Debug|Any CPU
		{0ABC6E12-0BCC-45AB-A493-17183A19DEB3}.Debug|Mixed Platforms.ActiveCfg = Debug|Any CPU
		{0ABC6E12-0BCC-45AB-A493-17183A19DEB3}.Debug|Mixed Platforms.Build.0 = Debug|Any CPU
		{0ABC6E12-0BCC-45AB-A493-17183A19DEB3}.Debug|x86.ActiveCfg = Debug|Any CPU
		{0ABC6E12-0BCC-45AB-A493-17183A19DEB3}.Release|Any CPU.ActiveCfg = Release|Any CPU
		{0ABC6E12-0BCC-45AB-A493-17183A19DEB3}.Release|Any CPU.Build.0 = Release|Any CPU
		{0ABC6E12-0BCC-45AB-A493-17183A19DEB3}.Release|Mixed Platforms.ActiveCfg = Release|Any CPU
		{0ABC6E12-0BCC-45AB-A493-17183A19DEB3}.Release|Mixed Platforms.Build.0 = Release|Any CPU
		{0ABC6E12-0BCC-45AB-A493-17183A19DEB3}.Release|x86.ActiveCfg = Release|Any CPU
		{8D86718D-1124-43CA-A916-E0046F4861D0}.Debug|Any CPU.ActiveCfg = Debug|x86
		{8D86718D-1124-43CA-A916-E0046F4861D0}.Debug|Mixed Platforms.ActiveCfg = Debug|x86
		{8D86718D-1124-43CA-A916-E0046F4861D0}.Debug|Mixed Platforms.Build.0 = Debug|x86
		{8D86718D-1124-43CA-A916-E0046F4861D0}.Debug|x86.ActiveCfg = Debug|x86
		{8D86718D-1124-43CA-A916-E0046F4861D0}.Debug|x86.Build.0 = Debug|x86
		{8D86718D-1124-43CA-A916-E0046F4861D0}.Release|Any CPU.ActiveCfg = Release|x86
		{8D86718D-1124-43CA-A916-E0046F4861D0}.Release|Mixed Platforms.ActiveCfg = Release|x86
		{8D86718D-1124-43CA-A916-E0046F4861D0}.Release|x86.ActiveCfg = Release|x86
		{8D86718D-1124-43CA-A916-E0046F4861D0}.Release|x86.Build.0 = Release|x86
		{7EF579B2-1D68-464F-A713-B17C7A2E8F4D}.Debug|Any CPU.ActiveCfg = Debug|Any CPU
		{7EF579B2-1D68-464F-A713-B17C7A2E8F4D}.Debug|Any CPU.Build.0 = Debug|Any CPU
		{7EF579B2-1D68-464F-A713-B17C7A2E8F4D}.Debug|Mixed Platforms.ActiveCfg = Debug|Any CPU
		{7EF579B2-1D68-464F-A713-B17C7A2E8F4D}.Debug|Mixed Platforms.Build.0 = Debug|Any CPU
		{7EF579B2-1D68-464F-A713-B17C7A2E8F4D}.Debug|x86.ActiveCfg = Debug|Any CPU
		{7EF579B2-1D68-464F-A713-B17C7A2E8F4D}.Release|Any CPU.ActiveCfg = Release|Any CPU
		{7EF579B2-1D68-464F-A713-B17C7A2E8F4D}.Release|Any CPU.Build.0 = Release|Any CPU
		{7EF579B2-1D68-464F-A713-B17C7A2E8F4D}.Release|Mixed Platforms.ActiveCfg = Release|Any CPU
		{7EF579B2-1D68-464F-A713-B17C7A2E8F4D}.Release|Mixed Platforms.Build.0 = Release|Any CPU
		{7EF579B2-1D68-464F-A713-B17C7A2E8F4D}.Release|x86.ActiveCfg = Release|Any CPU
	EndGlobalSection
	GlobalSection(SolutionProperties) = preSolution
		HideSolutionNode = FALSE
	EndGlobalSection
EndGlobal
